
Microsoft Visual Studio Solution File, Format Version 12.00
# Visual Studio Version 17
VisualStudioVersion = 17.3.32804.467
MinimumVisualStudioVersion = 10.0.40219.1
Project("{FAE04EC0-301F-11D3-BF4B-00C04F79EFBC}") = "FilterMapReduce", "FilterMapReduce.csproj", "{0EA727C0-1BB0-49E9-96D6-51023D271FB0}"
EndProject
Global
	GlobalSection(SolutionConfigurationPlatforms) = preSolution
		Debug|Any CPU = Debug|Any CPU
		Release|Any CPU = Release|Any CPU
	EndGlobalSection
	GlobalSection(ProjectConfigurationPlatforms) = postSolution
		{0EA727C0-1BB0-49E9-96D6-51023D271FB0}.Debug|Any CPU.ActiveCfg = Debug|Any CPU
		{0EA727C0-1BB0-49E9-96D6-51023D271FB0}.Debug|Any CPU.Build.0 = Debug|Any CPU
		{0EA727C0-1BB0-49E9-96D6-51023D271FB0}.Release|Any CPU.ActiveCfg = Release|Any CPU
		{0EA727C0-1BB0-49E9-96D6-51023D271FB0}.Release|Any CPU.Build.0 = Release|Any CPU
	EndGlobalSection
	GlobalSection(SolutionProperties) = preSolution
		HideSolutionNode = FALSE
	EndGlobalSection
	GlobalSection(ExtensibilityGlobals) = postSolution
		SolutionGuid = {415106EE-1F50-46E8-9236-9D00E781D0E0}
	EndGlobalSection
EndGlobal
